{
  "name": "great-dalmuti-local",
  "version": "1.1.0",
  "lockfileVersion": 3,
  "requires": true,
  "packages": {
    "": {
      "name": "great-dalmuti-local",
      "version": "1.1.0",
      "dependencies": {
        "pd-korean-noun-list-for-wordles": "0.4.0"
      },
      "engines": {
        "node": ">=18"
      }
    },
    "node_modules/pd-korean-noun-list-for-wordles": {
      "version": "0.4.0",
      "resolved": "https://registry.npmjs.org/pd-korean-noun-list-for-wordles/-/pd-korean-noun-list-for-wordles-0.4.0.tgz",
      "license": "CC0-1.0"
    }
  }
}
